
Microsoft Visual Studio Solution File, Format Version 12.00
# Visual Studio Version 17
VisualStudioVersion = 17.3.32819.101
MinimumVisualStudioVersion = 10.0.40219.1
Project("{FAE04EC0-301F-11D3-BF4B-00C04F79EFBC}") = "Pot", "Pot\Pot.csproj", "{D6920CE3-14C7-4C42-A9B9-63E1359EAFCB}"
EndProject
Global
	GlobalSection(SolutionConfigurationPlatforms) = preSolution
		Debug|Any CPU = Debug|Any CPU
		Release|Any CPU = Release|Any CPU
	EndGlobalSection
	GlobalSection(ProjectConfigurationPlatforms) = postSolution
		{D6920CE3-14C7-4C42-A9B9-63E1359EAFCB}.Debug|Any CPU.ActiveCfg = Debug|Any CPU
		{D6920CE3-14C7-4C42-A9B9-63E1359EAFCB}.Debug|Any CPU.Build.0 = Debug|Any CPU
		{D6920CE3-14C7-4C42-A9B9-63E1359EAFCB}.Release|Any CPU.ActiveCfg = Release|Any CPU
		{D6920CE3-14C7-4C42-A9B9-63E1359EAFCB}.Release|Any CPU.Build.0 = Release|Any CPU
	EndGlobalSection
	GlobalSection(SolutionProperties) = preSolution
		HideSolutionNode = FALSE
	EndGlobalSection
	GlobalSection(ExtensibilityGlobals) = postSolution
		SolutionGuid = {E62CD493-6BAA-4D22-8AE3-2F453027E97F}
	EndGlobalSection
EndGlobal
