
Microsoft Visual Studio Solution File, Format Version 12.00
# Visual Studio Version 17
VisualStudioVersion = 17.3.32819.101
MinimumVisualStudioVersion = 10.0.40219.1
Project("{FAE04EC0-301F-11D3-BF4B-00C04F79EFBC}") = "Backspace", "Backspace.csproj", "{1869E3A6-B1BE-4E35-9EC2-7255F10A13CF}"
EndProject
Global
	GlobalSection(SolutionConfigurationPlatforms) = preSolution
		Debug|Any CPU = Debug|Any CPU
		Release|Any CPU = Release|Any CPU
	EndGlobalSection
	GlobalSection(ProjectConfigurationPlatforms) = postSolution
		{1869E3A6-B1BE-4E35-9EC2-7255F10A13CF}.Debug|Any CPU.ActiveCfg = Debug|Any CPU
		{1869E3A6-B1BE-4E35-9EC2-7255F10A13CF}.Debug|Any CPU.Build.0 = Debug|Any CPU
		{1869E3A6-B1BE-4E35-9EC2-7255F10A13CF}.Release|Any CPU.ActiveCfg = Release|Any CPU
		{1869E3A6-B1BE-4E35-9EC2-7255F10A13CF}.Release|Any CPU.Build.0 = Release|Any CPU
	EndGlobalSection
	GlobalSection(SolutionProperties) = preSolution
		HideSolutionNode = FALSE
	EndGlobalSection
	GlobalSection(ExtensibilityGlobals) = postSolution
		SolutionGuid = {B5C0300E-E6E9-471A-9D0A-88DBFD51AD14}
	EndGlobalSection
EndGlobal
