
Microsoft Visual Studio Solution File, Format Version 12.00
# Visual Studio Version 17
VisualStudioVersion = 17.3.32819.101
MinimumVisualStudioVersion = 10.0.40219.1
Project("{FAE04EC0-301F-11D3-BF4B-00C04F79EFBC}") = "KATTIS Greetings!", "KATTIS Greetings!\KATTIS Greetings!.csproj", "{AF3FB1E5-ABCA-4461-85C3-A32363E769C0}"
EndProject
Global
	GlobalSection(SolutionConfigurationPlatforms) = preSolution
		Debug|Any CPU = Debug|Any CPU
		Release|Any CPU = Release|Any CPU
	EndGlobalSection
	GlobalSection(ProjectConfigurationPlatforms) = postSolution
		{AF3FB1E5-ABCA-4461-85C3-A32363E769C0}.Debug|Any CPU.ActiveCfg = Debug|Any CPU
		{AF3FB1E5-ABCA-4461-85C3-A32363E769C0}.Debug|Any CPU.Build.0 = Debug|Any CPU
		{AF3FB1E5-ABCA-4461-85C3-A32363E769C0}.Release|Any CPU.ActiveCfg = Release|Any CPU
		{AF3FB1E5-ABCA-4461-85C3-A32363E769C0}.Release|Any CPU.Build.0 = Release|Any CPU
	EndGlobalSection
	GlobalSection(SolutionProperties) = preSolution
		HideSolutionNode = FALSE
	EndGlobalSection
	GlobalSection(ExtensibilityGlobals) = postSolution
		SolutionGuid = {70DD4E69-82A3-4B1D-A3F0-0DCF798CC77D}
	EndGlobalSection
EndGlobal
