
Microsoft Visual Studio Solution File, Format Version 12.00
# Visual Studio Version 17
VisualStudioVersion = 17.3.32819.101
MinimumVisualStudioVersion = 10.0.40219.1
Project("{FAE04EC0-301F-11D3-BF4B-00C04F79EFBC}") = "A Different Problem", "A Different Problem\A Different Problem.csproj", "{9709129F-18B0-4F62-B454-767392D28263}"
EndProject
Global
	GlobalSection(SolutionConfigurationPlatforms) = preSolution
		Debug|Any CPU = Debug|Any CPU
		Release|Any CPU = Release|Any CPU
	EndGlobalSection
	GlobalSection(ProjectConfigurationPlatforms) = postSolution
		{9709129F-18B0-4F62-B454-767392D28263}.Debug|Any CPU.ActiveCfg = Debug|Any CPU
		{9709129F-18B0-4F62-B454-767392D28263}.Debug|Any CPU.Build.0 = Debug|Any CPU
		{9709129F-18B0-4F62-B454-767392D28263}.Release|Any CPU.ActiveCfg = Release|Any CPU
		{9709129F-18B0-4F62-B454-767392D28263}.Release|Any CPU.Build.0 = Release|Any CPU
	EndGlobalSection
	GlobalSection(SolutionProperties) = preSolution
		HideSolutionNode = FALSE
	EndGlobalSection
	GlobalSection(ExtensibilityGlobals) = postSolution
		SolutionGuid = {3B9620F3-BF28-4FB2-BD33-E5B84E0C0EC7}
	EndGlobalSection
EndGlobal
