
Microsoft Visual Studio Solution File, Format Version 12.00
# Visual Studio Version 17
VisualStudioVersion = 17.3.32819.101
MinimumVisualStudioVersion = 10.0.40219.1
Project("{FAE04EC0-301F-11D3-BF4B-00C04F79EFBC}") = "Grass Seed Inc", "Grass Seed Inc\Grass Seed Inc.csproj", "{508D2F02-5807-487F-91A6-71DBB77D9848}"
EndProject
Global
	GlobalSection(SolutionConfigurationPlatforms) = preSolution
		Debug|Any CPU = Debug|Any CPU
		Release|Any CPU = Release|Any CPU
	EndGlobalSection
	GlobalSection(ProjectConfigurationPlatforms) = postSolution
		{508D2F02-5807-487F-91A6-71DBB77D9848}.Debug|Any CPU.ActiveCfg = Debug|Any CPU
		{508D2F02-5807-487F-91A6-71DBB77D9848}.Debug|Any CPU.Build.0 = Debug|Any CPU
		{508D2F02-5807-487F-91A6-71DBB77D9848}.Release|Any CPU.ActiveCfg = Release|Any CPU
		{508D2F02-5807-487F-91A6-71DBB77D9848}.Release|Any CPU.Build.0 = Release|Any CPU
	EndGlobalSection
	GlobalSection(SolutionProperties) = preSolution
		HideSolutionNode = FALSE
	EndGlobalSection
	GlobalSection(ExtensibilityGlobals) = postSolution
		SolutionGuid = {A394E5A3-5693-408D-B727-3EF2548E73AD}
	EndGlobalSection
EndGlobal
