
Microsoft Visual Studio Solution File, Format Version 12.00
# Visual Studio Version 17
VisualStudioVersion = 17.3.32819.101
MinimumVisualStudioVersion = 10.0.40219.1
Project("{FAE04EC0-301F-11D3-BF4B-00C04F79EFBC}") = "KATTIS Pot", "KATTIS Pot\KATTIS Pot.csproj", "{00B2D42F-5E7A-432D-A7D0-CE38AF3B9505}"
EndProject
Global
	GlobalSection(SolutionConfigurationPlatforms) = preSolution
		Debug|Any CPU = Debug|Any CPU
		Release|Any CPU = Release|Any CPU
	EndGlobalSection
	GlobalSection(ProjectConfigurationPlatforms) = postSolution
		{00B2D42F-5E7A-432D-A7D0-CE38AF3B9505}.Debug|Any CPU.ActiveCfg = Debug|Any CPU
		{00B2D42F-5E7A-432D-A7D0-CE38AF3B9505}.Debug|Any CPU.Build.0 = Debug|Any CPU
		{00B2D42F-5E7A-432D-A7D0-CE38AF3B9505}.Release|Any CPU.ActiveCfg = Release|Any CPU
		{00B2D42F-5E7A-432D-A7D0-CE38AF3B9505}.Release|Any CPU.Build.0 = Release|Any CPU
	EndGlobalSection
	GlobalSection(SolutionProperties) = preSolution
		HideSolutionNode = FALSE
	EndGlobalSection
	GlobalSection(ExtensibilityGlobals) = postSolution
		SolutionGuid = {C2DF7D0B-D4A3-4104-AF78-FAE06F855774}
	EndGlobalSection
EndGlobal
