
Microsoft Visual Studio Solution File, Format Version 12.00
# Visual Studio Version 17
VisualStudioVersion = 17.3.32819.101
MinimumVisualStudioVersion = 10.0.40219.1
Project("{FAE04EC0-301F-11D3-BF4B-00C04F79EFBC}") = "KATTIS Jumbo Javelin", "KATTIS Jumbo Javelin\KATTIS Jumbo Javelin.csproj", "{D400AFAE-F70E-42B9-A6F7-0196CDD1416E}"
EndProject
Global
	GlobalSection(SolutionConfigurationPlatforms) = preSolution
		Debug|Any CPU = Debug|Any CPU
		Release|Any CPU = Release|Any CPU
	EndGlobalSection
	GlobalSection(ProjectConfigurationPlatforms) = postSolution
		{D400AFAE-F70E-42B9-A6F7-0196CDD1416E}.Debug|Any CPU.ActiveCfg = Debug|Any CPU
		{D400AFAE-F70E-42B9-A6F7-0196CDD1416E}.Debug|Any CPU.Build.0 = Debug|Any CPU
		{D400AFAE-F70E-42B9-A6F7-0196CDD1416E}.Release|Any CPU.ActiveCfg = Release|Any CPU
		{D400AFAE-F70E-42B9-A6F7-0196CDD1416E}.Release|Any CPU.Build.0 = Release|Any CPU
	EndGlobalSection
	GlobalSection(SolutionProperties) = preSolution
		HideSolutionNode = FALSE
	EndGlobalSection
	GlobalSection(ExtensibilityGlobals) = postSolution
		SolutionGuid = {63FF2A6A-951D-4728-A8E7-9C09BB7FCDC5}
	EndGlobalSection
EndGlobal
