
Microsoft Visual Studio Solution File, Format Version 12.00
# Visual Studio Version 17
VisualStudioVersion = 17.3.32819.101
MinimumVisualStudioVersion = 10.0.40219.1
Project("{FAE04EC0-301F-11D3-BF4B-00C04F79EFBC}") = "KATTIS Count the Vowels", "KATTIS Count the Vowels\KATTIS Count the Vowels.csproj", "{281E13AD-2711-4D21-A875-BB2953682131}"
EndProject
Global
	GlobalSection(SolutionConfigurationPlatforms) = preSolution
		Debug|Any CPU = Debug|Any CPU
		Release|Any CPU = Release|Any CPU
	EndGlobalSection
	GlobalSection(ProjectConfigurationPlatforms) = postSolution
		{281E13AD-2711-4D21-A875-BB2953682131}.Debug|Any CPU.ActiveCfg = Debug|Any CPU
		{281E13AD-2711-4D21-A875-BB2953682131}.Debug|Any CPU.Build.0 = Debug|Any CPU
		{281E13AD-2711-4D21-A875-BB2953682131}.Release|Any CPU.ActiveCfg = Release|Any CPU
		{281E13AD-2711-4D21-A875-BB2953682131}.Release|Any CPU.Build.0 = Release|Any CPU
	EndGlobalSection
	GlobalSection(SolutionProperties) = preSolution
		HideSolutionNode = FALSE
	EndGlobalSection
	GlobalSection(ExtensibilityGlobals) = postSolution
		SolutionGuid = {21825229-671D-40FB-AD6D-A827D4C431A1}
	EndGlobalSection
EndGlobal
